
Microsoft Visual Studio Solution File, Format Version 12.00
# Visual Studio Version 17
VisualStudioVersion = 17.11.35222.181
MinimumVisualStudioVersion = 10.0.40219.1
Project("{FAE04EC0-301F-11D3-BF4B-00C04F79EFBC}") = "exam1", "exam1\exam1.csproj", "{75B73CB4-815D-490F-86B0-75125705E077}"
EndProject
Project("{FAE04EC0-301F-11D3-BF4B-00C04F79EFBC}") = "exam2", "..\exam2\exam2.csproj", "{DA5225D7-6E81-46A8-AC66-DCB6CF679082}"
EndProject
Global
	GlobalSection(SolutionConfigurationPlatforms) = preSolution
		Debug|Any CPU = Debug|Any CPU
		Release|Any CPU = Release|Any CPU
	EndGlobalSection
	GlobalSection(ProjectConfigurationPlatforms) = postSolution
		{75B73CB4-815D-490F-86B0-75125705E077}.Debug|Any CPU.ActiveCfg = Debug|Any CPU
		{75B73CB4-815D-490F-86B0-75125705E077}.Debug|Any CPU.Build.0 = Debug|Any CPU
		{75B73CB4-815D-490F-86B0-75125705E077}.Release|Any CPU.ActiveCfg = Release|Any CPU
		{75B73CB4-815D-490F-86B0-75125705E077}.Release|Any CPU.Build.0 = Release|Any CPU
		{DA5225D7-6E81-46A8-AC66-DCB6CF679082}.Debug|Any CPU.ActiveCfg = Debug|Any CPU
		{DA5225D7-6E81-46A8-AC66-DCB6CF679082}.Debug|Any CPU.Build.0 = Debug|Any CPU
		{DA5225D7-6E81-46A8-AC66-DCB6CF679082}.Release|Any CPU.ActiveCfg = Release|Any CPU
		{DA5225D7-6E81-46A8-AC66-DCB6CF679082}.Release|Any CPU.Build.0 = Release|Any CPU
	EndGlobalSection
	GlobalSection(SolutionProperties) = preSolution
		HideSolutionNode = FALSE
	EndGlobalSection
	GlobalSection(ExtensibilityGlobals) = postSolution
		SolutionGuid = {3CE671A1-CFAF-4BAE-8973-70CDA6C9C394}
	EndGlobalSection
EndGlobal
